
Microsoft Visual Studio Solution File, Format Version 12.00
# Visual Studio Version 17
VisualStudioVersion = 17.4.33213.308
MinimumVisualStudioVersion = 10.0.40219.1
Project("{FAE04EC0-301F-11D3-BF4B-00C04F79EFBC}") = "XwaPilotEditor", "XwaPilotEditor\XwaPilotEditor.csproj", "{3F3FF324-F2CE-428C-BFD0-DC1595C2A233}"
EndProject
Global
	GlobalSection(SolutionConfigurationPlatforms) = preSolution
		Debug|Any CPU = Debug|Any CPU
		Release|Any CPU = Release|Any CPU
	EndGlobalSection
	GlobalSection(ProjectConfigurationPlatforms) = postSolution
		{3F3FF324-F2CE-428C-BFD0-DC1595C2A233}.Debug|Any CPU.ActiveCfg = Debug|Any CPU
		{3F3FF324-F2CE-428C-BFD0-DC1595C2A233}.Debug|Any CPU.Build.0 = Debug|Any CPU
		{3F3FF324-F2CE-428C-BFD0-DC1595C2A233}.Release|Any CPU.ActiveCfg = Release|Any CPU
		{3F3FF324-F2CE-428C-BFD0-DC1595C2A233}.Release|Any CPU.Build.0 = Release|Any CPU
	EndGlobalSection
	GlobalSection(SolutionProperties) = preSolution
		HideSolutionNode = FALSE
	EndGlobalSection
	GlobalSection(ExtensibilityGlobals) = postSolution
		SolutionGuid = {14E1D092-5A50-4CD2-9AD9-3901573E772B}
	EndGlobalSection
EndGlobal
